
Microsoft Visual Studio Solution File, Format Version 12.00
# Visual Studio Version 16
VisualStudioVersion = 16.0.29728.190
MinimumVisualStudioVersion = 10.0.40219.1
Project("{FAE04EC0-301F-11D3-BF4B-00C04F79EFBC}") = "AlgorithmsAndDataStructures", "AlgorithmsAndDataStructures\AlgorithmsAndDataStructures.csproj", "{B33CB395-C7D0-46C3-B67B-9463C75C3AD0}"
EndProject
Project("{FAE04EC0-301F-11D3-BF4B-00C04F79EFBC}") = "StringManipulation", "StringManipulation\StringManipulation.csproj", "{F12526AB-306E-4340-B29A-96D063FCDFEE}"
EndProject
Global
	GlobalSection(SolutionConfigurationPlatforms) = preSolution
		Debug|Any CPU = Debug|Any CPU
		Release|Any CPU = Release|Any CPU
	EndGlobalSection
	GlobalSection(ProjectConfigurationPlatforms) = postSolution
		{B33CB395-C7D0-46C3-B67B-9463C75C3AD0}.Debug|Any CPU.ActiveCfg = Debug|Any CPU
		{B33CB395-C7D0-46C3-B67B-9463C75C3AD0}.Debug|Any CPU.Build.0 = Debug|Any CPU
		{B33CB395-C7D0-46C3-B67B-9463C75C3AD0}.Release|Any CPU.ActiveCfg = Release|Any CPU
		{B33CB395-C7D0-46C3-B67B-9463C75C3AD0}.Release|Any CPU.Build.0 = Release|Any CPU
		{F12526AB-306E-4340-B29A-96D063FCDFEE}.Debug|Any CPU.ActiveCfg = Debug|Any CPU
		{F12526AB-306E-4340-B29A-96D063FCDFEE}.Debug|Any CPU.Build.0 = Debug|Any CPU
		{F12526AB-306E-4340-B29A-96D063FCDFEE}.Release|Any CPU.ActiveCfg = Release|Any CPU
		{F12526AB-306E-4340-B29A-96D063FCDFEE}.Release|Any CPU.Build.0 = Release|Any CPU
	EndGlobalSection
	GlobalSection(SolutionProperties) = preSolution
		HideSolutionNode = FALSE
	EndGlobalSection
	GlobalSection(ExtensibilityGlobals) = postSolution
		SolutionGuid = {0DB30AEB-4190-434D-A24B-69EDC27BDC98}
	EndGlobalSection
EndGlobal
