
Microsoft Visual Studio Solution File, Format Version 12.00
# Visual Studio 14
VisualStudioVersion = 14.0.25420.1
MinimumVisualStudioVersion = 10.0.40219.1
Project("{FAE04EC0-301F-11D3-BF4B-00C04F79EFBC}") = "AlgorithmsAndDataStructures", "AlgorithmsAndDataStructures\AlgorithmsAndDataStructures.csproj", "{B33CB395-C7D0-46C3-B67B-9463C75C3AD0}"
EndProject
Project("{FAE04EC0-301F-11D3-BF4B-00C04F79EFBC}") = "StringManipulation", "StringManipulation\StringManipulation.csproj", "{F12526AB-306E-4340-B29A-96D063FCDFEE}"
EndProject
Project("{FAE04EC0-301F-11D3-BF4B-00C04F79EFBC}") = "StringManipulation.UnitTests", "StringManipulation.UnitTests\StringManipulation.UnitTests.csproj", "{01B3513A-3B9B-4DA9-9345-F1F7EA33CCBE}"
EndProject
Project("{FAE04EC0-301F-11D3-BF4B-00C04F79EFBC}") = "SearchingAlgorithms", "SearchingAlgorithms\SearchingAlgorithms.csproj", "{1AF49682-EEB9-431C-9B91-91EBB72C02FD}"
EndProject
Project("{FAE04EC0-301F-11D3-BF4B-00C04F79EFBC}") = "SearchingAlgorithms.UnitTests", "SearchingAlgorithms.UnitTests\SearchingAlgorithms.UnitTests.csproj", "{4754E71D-B7A0-4909-A265-19207B4FC440}"
EndProject
Global
	GlobalSection(SolutionConfigurationPlatforms) = preSolution
		Debug|Any CPU = Debug|Any CPU
		Release|Any CPU = Release|Any CPU
	EndGlobalSection
	GlobalSection(ProjectConfigurationPlatforms) = postSolution
		{B33CB395-C7D0-46C3-B67B-9463C75C3AD0}.Debug|Any CPU.ActiveCfg = Debug|Any CPU
		{B33CB395-C7D0-46C3-B67B-9463C75C3AD0}.Debug|Any CPU.Build.0 = Debug|Any CPU
		{B33CB395-C7D0-46C3-B67B-9463C75C3AD0}.Release|Any CPU.ActiveCfg = Release|Any CPU
		{B33CB395-C7D0-46C3-B67B-9463C75C3AD0}.Release|Any CPU.Build.0 = Release|Any CPU
		{F12526AB-306E-4340-B29A-96D063FCDFEE}.Debug|Any CPU.ActiveCfg = Debug|Any CPU
		{F12526AB-306E-4340-B29A-96D063FCDFEE}.Debug|Any CPU.Build.0 = Debug|Any CPU
		{F12526AB-306E-4340-B29A-96D063FCDFEE}.Release|Any CPU.ActiveCfg = Release|Any CPU
		{F12526AB-306E-4340-B29A-96D063FCDFEE}.Release|Any CPU.Build.0 = Release|Any CPU
		{01B3513A-3B9B-4DA9-9345-F1F7EA33CCBE}.Debug|Any CPU.ActiveCfg = Debug|Any CPU
		{01B3513A-3B9B-4DA9-9345-F1F7EA33CCBE}.Debug|Any CPU.Build.0 = Debug|Any CPU
		{01B3513A-3B9B-4DA9-9345-F1F7EA33CCBE}.Release|Any CPU.ActiveCfg = Release|Any CPU
		{01B3513A-3B9B-4DA9-9345-F1F7EA33CCBE}.Release|Any CPU.Build.0 = Release|Any CPU
		{1AF49682-EEB9-431C-9B91-91EBB72C02FD}.Debug|Any CPU.ActiveCfg = Debug|Any CPU
		{1AF49682-EEB9-431C-9B91-91EBB72C02FD}.Debug|Any CPU.Build.0 = Debug|Any CPU
		{1AF49682-EEB9-431C-9B91-91EBB72C02FD}.Release|Any CPU.ActiveCfg = Release|Any CPU
		{1AF49682-EEB9-431C-9B91-91EBB72C02FD}.Release|Any CPU.Build.0 = Release|Any CPU
		{4754E71D-B7A0-4909-A265-19207B4FC440}.Debug|Any CPU.ActiveCfg = Debug|Any CPU
		{4754E71D-B7A0-4909-A265-19207B4FC440}.Debug|Any CPU.Build.0 = Debug|Any CPU
		{4754E71D-B7A0-4909-A265-19207B4FC440}.Release|Any CPU.ActiveCfg = Release|Any CPU
		{4754E71D-B7A0-4909-A265-19207B4FC440}.Release|Any CPU.Build.0 = Release|Any CPU
	EndGlobalSection
	GlobalSection(SolutionProperties) = preSolution
		HideSolutionNode = FALSE
	EndGlobalSection
	GlobalSection(ExtensibilityGlobals) = postSolution
		SolutionGuid = {0DB30AEB-4190-434D-A24B-69EDC27BDC98}
	EndGlobalSection
EndGlobal
